
Microsoft Visual Studio Solution File, Format Version 12.00
# Visual Studio Version 17
VisualStudioVersion = 17.5.002.0
MinimumVisualStudioVersion = 10.0.40219.1
Project("{9A19103F-16F7-4668-BE54-9A1E7A4F7556}") = "CsharProject", "CsharProject.csproj", "{C808444D-D562-495E-8705-E2BD71A266C6}"
EndProject
Global
	GlobalSection(SolutionConfigurationPlatforms) = preSolution
		Debug|Any CPU = Debug|Any CPU
		Release|Any CPU = Release|Any CPU
	EndGlobalSection
	GlobalSection(ProjectConfigurationPlatforms) = postSolution
		{C808444D-D562-495E-8705-E2BD71A266C6}.Debug|Any CPU.ActiveCfg = Debug|Any CPU
		{C808444D-D562-495E-8705-E2BD71A266C6}.Debug|Any CPU.Build.0 = Debug|Any CPU
		{C808444D-D562-495E-8705-E2BD71A266C6}.Release|Any CPU.ActiveCfg = Release|Any CPU
		{C808444D-D562-495E-8705-E2BD71A266C6}.Release|Any CPU.Build.0 = Release|Any CPU
	EndGlobalSection
	GlobalSection(SolutionProperties) = preSolution
		HideSolutionNode = FALSE
	EndGlobalSection
	GlobalSection(ExtensibilityGlobals) = postSolution
		SolutionGuid = {0AD43F64-E5F1-45C3-A507-C701B31D168C}
	EndGlobalSection
EndGlobal
